
Microsoft Visual Studio Solution File, Format Version 12.00
Project("{FAE04EC0-301F-11D3-BF4B-00C04F79EFBC}") = "Lab2A", "Lab2A\Lab2A.csproj", "{F4B7F18C-81AC-45FD-A404-85252CC55FDD}"
EndProject
Global
	GlobalSection(SolutionConfigurationPlatforms) = preSolution
		Debug|Any CPU = Debug|Any CPU
		Release|Any CPU = Release|Any CPU
	EndGlobalSection
	GlobalSection(ProjectConfigurationPlatforms) = postSolution
		{F4B7F18C-81AC-45FD-A404-85252CC55FDD}.Debug|Any CPU.ActiveCfg = Debug|Any CPU
		{F4B7F18C-81AC-45FD-A404-85252CC55FDD}.Debug|Any CPU.Build.0 = Debug|Any CPU
		{F4B7F18C-81AC-45FD-A404-85252CC55FDD}.Release|Any CPU.ActiveCfg = Release|Any CPU
		{F4B7F18C-81AC-45FD-A404-85252CC55FDD}.Release|Any CPU.Build.0 = Release|Any CPU
	EndGlobalSection
EndGlobal
